
Microsoft Visual Studio Solution File, Format Version 12.00
# Visual Studio 15
VisualStudioVersion = 15.0.27428.2037
MinimumVisualStudioVersion = 10.0.40219.1
Project("{FAE04EC0-301F-11D3-BF4B-00C04F79EFBC}") = "patronComposite", "patronComposite\patronComposite.csproj", "{C9CDE9AE-95A7-4CC0-864E-18FC44F6730F}"
EndProject
Global
	GlobalSection(SolutionConfigurationPlatforms) = preSolution
		Debug|Any CPU = Debug|Any CPU
		Release|Any CPU = Release|Any CPU
	EndGlobalSection
	GlobalSection(ProjectConfigurationPlatforms) = postSolution
		{C9CDE9AE-95A7-4CC0-864E-18FC44F6730F}.Debug|Any CPU.ActiveCfg = Debug|Any CPU
		{C9CDE9AE-95A7-4CC0-864E-18FC44F6730F}.Debug|Any CPU.Build.0 = Debug|Any CPU
		{C9CDE9AE-95A7-4CC0-864E-18FC44F6730F}.Release|Any CPU.ActiveCfg = Release|Any CPU
		{C9CDE9AE-95A7-4CC0-864E-18FC44F6730F}.Release|Any CPU.Build.0 = Release|Any CPU
	EndGlobalSection
	GlobalSection(SolutionProperties) = preSolution
		HideSolutionNode = FALSE
	EndGlobalSection
	GlobalSection(ExtensibilityGlobals) = postSolution
		SolutionGuid = {56007BFD-8937-40E7-8F71-8A5732B12411}
	EndGlobalSection
EndGlobal
