
Microsoft Visual Studio Solution File, Format Version 12.00
# Visual Studio 15
VisualStudioVersion = 15.0.27428.2037
MinimumVisualStudioVersion = 10.0.40219.1
Project("{FAE04EC0-301F-11D3-BF4B-00C04F79EFBC}") = "patronFacade", "patronFacade\patronFacade.csproj", "{547F5067-CB47-462B-8EA1-430B6DC5D097}"
EndProject
Global
	GlobalSection(SolutionConfigurationPlatforms) = preSolution
		Debug|Any CPU = Debug|Any CPU
		Release|Any CPU = Release|Any CPU
	EndGlobalSection
	GlobalSection(ProjectConfigurationPlatforms) = postSolution
		{547F5067-CB47-462B-8EA1-430B6DC5D097}.Debug|Any CPU.ActiveCfg = Debug|Any CPU
		{547F5067-CB47-462B-8EA1-430B6DC5D097}.Debug|Any CPU.Build.0 = Debug|Any CPU
		{547F5067-CB47-462B-8EA1-430B6DC5D097}.Release|Any CPU.ActiveCfg = Release|Any CPU
		{547F5067-CB47-462B-8EA1-430B6DC5D097}.Release|Any CPU.Build.0 = Release|Any CPU
	EndGlobalSection
	GlobalSection(SolutionProperties) = preSolution
		HideSolutionNode = FALSE
	EndGlobalSection
	GlobalSection(ExtensibilityGlobals) = postSolution
		SolutionGuid = {0BA46B8F-ED8F-4D5F-A1E3-7F299C01258D}
	EndGlobalSection
EndGlobal
